
Microsoft Visual Studio Solution File, Format Version 12.00
# Visual Studio Version 17
VisualStudioVersion = 17.14.36203.30 d17.14
MinimumVisualStudioVersion = 10.0.40219.1
Project("{FAE04EC0-301F-11D3-BF4B-00C04F79EFBC}") = "UnitOfWorkPractice", "UnitOfWorkPractice\UnitOfWorkPractice.csproj", "{3FC120E5-86FD-4E0E-A3DB-B38681B0612A}"
EndProject
Global
	GlobalSection(SolutionConfigurationPlatforms) = preSolution
		Debug|Any CPU = Debug|Any CPU
		Release|Any CPU = Release|Any CPU
	EndGlobalSection
	GlobalSection(ProjectConfigurationPlatforms) = postSolution
		{3FC120E5-86FD-4E0E-A3DB-B38681B0612A}.Debug|Any CPU.ActiveCfg = Debug|Any CPU
		{3FC120E5-86FD-4E0E-A3DB-B38681B0612A}.Debug|Any CPU.Build.0 = Debug|Any CPU
		{3FC120E5-86FD-4E0E-A3DB-B38681B0612A}.Release|Any CPU.ActiveCfg = Release|Any CPU
		{3FC120E5-86FD-4E0E-A3DB-B38681B0612A}.Release|Any CPU.Build.0 = Release|Any CPU
	EndGlobalSection
	GlobalSection(SolutionProperties) = preSolution
		HideSolutionNode = FALSE
	EndGlobalSection
	GlobalSection(ExtensibilityGlobals) = postSolution
		SolutionGuid = {8B4949C9-43D9-4FDF-B5D2-71BCC240F8A0}
	EndGlobalSection
EndGlobal
